// !$*UTF8*$!
{
	archiveVersion = 1;
	classes = {
	};
	objectVersion = 48;
	objects = {

/* Begin PBXBuildFile section */
		5A0924CB1FB38BE400803DE4 /* AppDelegate.swift in Sources */ = {isa = PBXBuildFile; fileRef = 5A0924CA1FB38BE400803DE4 /* AppDelegate.swift */; };
		5A0924CD1FB38BE400803DE4 /* BegainVC.swift in Sources */ = {isa = PBXBuildFile; fileRef = 5A0924CC1FB38BE400803DE4 /* BegainVC.swift */; };
		5A0924CF1FB38BE400803DE4 /* RunLogVC.swift in Sources */ = {isa = PBXBuildFile; fileRef = 5A0924CE1FB38BE400803DE4 /* RunLogVC.swift */; };
		5A0924D21FB38BE400803DE4 /* Main.storyboard in Resources */ = {isa = PBXBuildFile; fileRef = 5A0924D01FB38BE400803DE4 /* Main.storyboard */; };
		5A0924D41FB38BE400803DE4 /* Assets.xcassets in Resources */ = {isa = PBXBuildFile; fileRef = 5A0924D31FB38BE400803DE4 /* Assets.xcassets */; };
		5A0924D71FB38BE400803DE4 /* LaunchScreen.storyboard in Resources */ = {isa = PBXBuildFile; fileRef = 5A0924D51FB38BE400803DE4 /* LaunchScreen.storyboard */; };
		5AC4151D1FB4BBD200F62FF6 /* locationVC.swift in Sources */ = {isa = PBXBuildFile; fileRef = 5AC4151C1FB4BBD200F62FF6 /* locationVC.swift */; };
		5AEF71731FB583CE00DA61A2 /* CurrentRunVC.swift in Sources */ = {isa = PBXBuildFile; fileRef = 5AEF71721FB583CE00DA61A2 /* CurrentRunVC.swift */; };
/* End PBXBuildFile section */

/* Begin PBXFileReference section */
		5A0924C71FB38BE400803DE4 /* RunWay.app */ = {isa = PBXFileReference; explicitFileType = wrapper.application; includeInIndex = 0; path = RunWay.app; sourceTree = BUILT_PRODUCTS_DIR; };
		5A0924CA1FB38BE400803DE4 /* AppDelegate.swift */ = {isa = PBXFileReference; lastKnownFileType = sourcecode.swift; path = AppDelegate.swift; sourceTree = "<group>"; };
		5A0924CC1FB38BE400803DE4 /* BegainVC.swift */ = {isa = PBXFileReference; lastKnownFileType = sourcecode.swift; path = BegainVC.swift; sourceTree = "<group>"; };
		5A0924CE1FB38BE400803DE4 /* RunLogVC.swift */ = {isa = PBXFileReference; lastKnownFileType = sourcecode.swift; path = RunLogVC.swift; sourceTree = "<group>"; };
		5A0924D11FB38BE400803DE4 /* Base */ = {isa = PBXFileReference; lastKnownFileType = file.storyboard; name = Base; path = Base.lproj/Main.storyboard; sourceTree = "<group>"; };
		5A0924D31FB38BE400803DE4 /* Assets.xcassets */ = {isa = PBXFileReference; lastKnownFileType = folder.assetcatalog; path = Assets.xcassets; sourceTree = "<group>"; };
		5A0924D61FB38BE400803DE4 /* Base */ = {isa = PBXFileReference; lastKnownFileType = file.storyboard; name = Base; path = Base.lproj/LaunchScreen.storyboard; sourceTree = "<group>"; };
		5A0924D81FB38BE400803DE4 /* Info.plist */ = {isa = PBXFileReference; lastKnownFileType = text.plist.xml; path = Info.plist; sourceTree = "<group>"; };
		5AC4151C1FB4BBD200F62FF6 /* locationVC.swift */ = {isa = PBXFileReference; lastKnownFileType = sourcecode.swift; path = locationVC.swift; sourceTree = "<group>"; };
		5AEF71721FB583CE00DA61A2 /* CurrentRunVC.swift */ = {isa = PBXFileReference; lastKnownFileType = sourcecode.swift; path = CurrentRunVC.swift; sourceTree = "<group>"; };
/* End PBXFileReference section */

/* Begin PBXFrameworksBuildPhase section */
		5A0924C41FB38BE400803DE4 /* Frameworks */ = {
			isa = PBXFrameworksBuildPhase;
			buildActionMask = 2147483647;
			files = (
			);
			runOnlyForDeploymentPostprocessing = 0;
		};
/* End PBXFrameworksBuildPhase section */

/* Begin PBXGroup section */
		5A0924BE1FB38BE400803DE4 = {
			isa = PBXGroup;
			children = (
				5A0924C91FB38BE400803DE4 /* RunWay */,
				5A0924C81FB38BE400803DE4 /* Products */,
			);
			sourceTree = "<group>";
		};
		5A0924C81FB38BE400803DE4 /* Products */ = {
			isa = PBXGroup;
			children = (
				5A0924C71FB38BE400803DE4 /* RunWay.app */,
			);
			name = Products;
			sourceTree = "<group>";
		};
		5A0924C91FB38BE400803DE4 /* RunWay */ = {
			isa = PBXGroup;
			children = (
				5A0924E31FB38E0400803DE4 /* Resources */,
				5A0924E21FB38DE900803DE4 /* Utilities */,
				5A0924E11FB38DDA00803DE4 /* Extenstions */,
				5A0924E01FB38DC000803DE4 /* Controller */,
				5A0924DF1FB38DB800803DE4 /* View */,
				5A0924DE1FB38DA900803DE4 /* Model */,
				5A0924CA1FB38BE400803DE4 /* AppDelegate.swift */,
				5A0924D01FB38BE400803DE4 /* Main.storyboard */,
				5A0924D31FB38BE400803DE4 /* Assets.xcassets */,
				5A0924D51FB38BE400803DE4 /* LaunchScreen.storyboard */,
				5A0924D81FB38BE400803DE4 /* Info.plist */,
			);
			path = RunWay;
			sourceTree = "<group>";
		};
		5A0924DE1FB38DA900803DE4 /* Model */ = {
			isa = PBXGroup;
			children = (
			);
			path = Model;
			sourceTree = "<group>";
		};
		5A0924DF1FB38DB800803DE4 /* View */ = {
			isa = PBXGroup;
			children = (
			);
			path = View;
			sourceTree = "<group>";
		};
		5A0924E01FB38DC000803DE4 /* Controller */ = {
			isa = PBXGroup;
			children = (
				5A0924CE1FB38BE400803DE4 /* RunLogVC.swift */,
				5A0924CC1FB38BE400803DE4 /* BegainVC.swift */,
				5AC4151C1FB4BBD200F62FF6 /* locationVC.swift */,
				5AEF71721FB583CE00DA61A2 /* CurrentRunVC.swift */,
			);
			path = Controller;
			sourceTree = "<group>";
		};
		5A0924E11FB38DDA00803DE4 /* Extenstions */ = {
			isa = PBXGroup;
			children = (
			);
			path = Extenstions;
			sourceTree = "<group>";
		};
		5A0924E21FB38DE900803DE4 /* Utilities */ = {
			isa = PBXGroup;
			children = (
			);
			path = Utilities;
			sourceTree = "<group>";
		};
		5A0924E31FB38E0400803DE4 /* Resources */ = {
			isa = PBXGroup;
			children = (
			);
			path = Resources;
			sourceTree = "<group>";
		};
/* End PBXGroup section */

/* Begin PBXNativeTarget section */
		5A0924C61FB38BE400803DE4 /* RunWay */ = {
			isa = PBXNativeTarget;
			buildConfigurationList = 5A0924DB1FB38BE400803DE4 /* Build configuration list for PBXNativeTarget "RunWay" */;
			buildPhases = (
				5A0924C31FB38BE400803DE4 /* Sources */,
				5A0924C41FB38BE400803DE4 /* Frameworks */,
				5A0924C51FB38BE400803DE4 /* Resources */,
			);
			buildRules = (
			);
			dependencies = (
			);
			name = RunWay;
			productName = RunWay;
			productReference = 5A0924C71FB38BE400803DE4 /* RunWay.app */;
			productType = "com.apple.product-type.application";
		};
/* End PBXNativeTarget section */

/* Begin PBXProject section */
		5A0924BF1FB38BE400803DE4 /* Project object */ = {
			isa = PBXProject;
			attributes = {
				LastSwiftUpdateCheck = 0910;
				LastUpgradeCheck = 0910;
				ORGANIZATIONNAME = "Biswajit Banik";
				TargetAttributes = {
					5A0924C61FB38BE400803DE4 = {
						CreatedOnToolsVersion = 9.1;
						ProvisioningStyle = Automatic;
					};
				};
			};
			buildConfigurationList = 5A0924C21FB38BE400803DE4 /* Build configuration list for PBXProject "RunWay" */;
			compatibilityVersion = "Xcode 8.0";
			developmentRegion = en;
			hasScannedForEncodings = 0;
			knownRegions = (
				en,
				Base,
			);
			mainGroup = 5A0924BE1FB38BE400803DE4;
			productRefGroup = 5A0924C81FB38BE400803DE4 /* Products */;
			projectDirPath = "";
			projectRoot = "";
			targets = (
				5A0924C61FB38BE400803DE4 /* RunWay */,
			);
		};
/* End PBXProject section */

/* Begin PBXResourcesBuildPhase section */
		5A0924C51FB38BE400803DE4 /* Resources */ = {
			isa = PBXResourcesBuildPhase;
			buildActionMask = 2147483647;
			files = (
				5A0924D71FB38BE400803DE4 /* LaunchScreen.storyboard in Resources */,
				5A0924D41FB38BE400803DE4 /* Assets.xcassets in Resources */,
				5A0924D21FB38BE400803DE4 /* Main.storyboard in Resources */,
			);
			runOnlyForDeploymentPostprocessing = 0;
		};
/* End PBXResourcesBuildPhase section */

/* Begin PBXSourcesBuildPhase section */
		5A0924C31FB38BE400803DE4 /* Sources */ = {
			isa = PBXSourcesBuildPhase;
			buildActionMask = 2147483647;
			files = (
				5AEF71731FB583CE00DA61A2 /* CurrentRunVC.swift in Sources */,
				5A0924CF1FB38BE400803DE4 /* RunLogVC.swift in Sources */,
				5AC4151D1FB4BBD200F62FF6 /* locationVC.swift in Sources */,
				5A0924CB1FB38BE400803DE4 /* AppDelegate.swift in Sources */,
				5A0924CD1FB38BE400803DE4 /* BegainVC.swift in Sources */,
			);
			runOnlyForDeploymentPostprocessing = 0;
		};
/* End PBXSourcesBuildPhase section */

/* Begin PBXVariantGroup section */
		5A0924D01FB38BE400803DE4 /* Main.storyboard */ = {
			isa = PBXVariantGroup;
			children = (
				5A0924D11FB38BE400803DE4 /* Base */,
			);
			name = Main.storyboard;
			sourceTree = "<group>";
		};
		5A0924D51FB38BE400803DE4 /* LaunchScreen.storyboard */ = {
			isa = PBXVariantGroup;
			children = (
				5A0924D61FB38BE400803DE4 /* Base */,
			);
			name = LaunchScreen.storyboard;
			sourceTree = "<group>";
		};
/* End PBXVariantGroup section */

/* Begin XCBuildConfiguration section */
		5A0924D91FB38BE400803DE4 /* Debug */ = {
			isa = XCBuildConfiguration;
			buildSettings = {
				ALWAYS_SEARCH_USER_PATHS = NO;
				CLANG_ANALYZER_NONNULL = YES;
				CLANG_ANALYZER_NUMBER_OBJECT_CONVERSION = YES_AGGRESSIVE;
				CLANG_CXX_LANGUAGE_STANDARD = "gnu++14";
				CLANG_CXX_LIBRARY = "libc++";
				CLANG_ENABLE_MODULES = YES;
				CLANG_ENABLE_OBJC_ARC = YES;
				CLANG_WARN_BLOCK_CAPTURE_AUTORELEASING = YES;
				CLANG_WARN_BOOL_CONVERSION = YES;
				CLANG_WARN_COMMA = YES;
				CLANG_WARN_CONSTANT_CONVERSION = YES;
				CLANG_WARN_DIRECT_OBJC_ISA_USAGE = YES_ERROR;
				CLANG_WARN_DOCUMENTATION_COMMENTS = YES;
				CLANG_WARN_EMPTY_BODY = YES;
				CLANG_WARN_ENUM_CONVERSION = YES;
				CLANG_WARN_INFINITE_RECURSION = YES;
				CLANG_WARN_INT_CONVERSION = YES;
				CLANG_WARN_NON_LITERAL_NULL_CONVERSION = YES;
				CLANG_WARN_OBJC_LITERAL_CONVERSION = YES;
				CLANG_WARN_OBJC_ROOT_CLASS = YES_ERROR;
				CLANG_WARN_RANGE_LOOP_ANALYSIS = YES;
				CLANG_WARN_STRICT_PROTOTYPES = YES;
				CLANG_WARN_SUSPICIOUS_MOVE = YES;
				CLANG_WARN_UNGUARDED_AVAILABILITY = YES_AGGRESSIVE;
				CLANG_WARN_UNREACHABLE_CODE = YES;
				CLANG_WARN__DUPLICATE_METHOD_MATCH = YES;
				CODE_SIGN_IDENTITY = "iPhone Developer";
				COPY_PHASE_STRIP = NO;
				DEBUG_INFORMATION_FORMAT = dwarf;
				ENABLE_STRICT_OBJC_MSGSEND = YES;
				ENABLE_TESTABILITY = YES;
				GCC_C_LANGUAGE_STANDARD = gnu11;
				GCC_DYNAMIC_NO_PIC = NO;
				GCC_NO_COMMON_BLOCKS = YES;
				GCC_OPTIMIZATION_LEVEL = 0;
				GCC_PREPROCESSOR_DEFINITIONS = (
					"DEBUG=1",
					"$(inherited)",
				);
				GCC_WARN_64_TO_32_BIT_CONVERSION = YES;
				GCC_WARN_ABOUT_RETURN_TYPE = YES_ERROR;
				GCC_WARN_UNDECLARED_SELECTOR = YES;
				GCC_WARN_UNINITIALIZED_AUTOS = YES_AGGRESSIVE;
				GCC_WARN_UNUSED_FUNCTION = YES;
				GCC_WARN_UNUSED_VARIABLE = YES;
				IPHONEOS_DEPLOYMENT_TARGET = 11.1;
				MTL_ENABLE_DEBUG_INFO = YES;
				ONLY_ACTIVE_ARCH = YES;
				SDKROOT = iphoneos;
				SWIFT_ACTIVE_COMPILATION_CONDITIONS = DEBUG;
				SWIFT_OPTIMIZATION_LEVEL = "-Onone";
			};
			name = Debug;
		};
		5A0924DA1FB38BE400803DE4 /* Release */ = {
			isa = XCBuildConfiguration;
			buildSettings = {
				ALWAYS_SEARCH_USER_PATHS = NO;
				CLANG_ANALYZER_NONNULL = YES;
				CLANG_ANALYZER_NUMBER_OBJECT_CONVERSION = YES_AGGRESSIVE;
				CLANG_CXX_LANGUAGE_STANDARD = "gnu++14";
				CLANG_CXX_LIBRARY = "libc++";
				CLANG_ENABLE_MODULES = YES;
				CLANG_ENABLE_OBJC_ARC = YES;
				CLANG_WARN_BLOCK_CAPTURE_AUTORELEASING = YES;
				CLANG_WARN_BOOL_CONVERSION = YES;
				CLANG_WARN_COMMA = YES;
				CLANG_WARN_CONSTANT_CONVERSION = YES;
				CLANG_WARN_DIRECT_OBJC_ISA_USAGE = YES_ERROR;
				CLANG_WARN_DOCUMENTATION_COMMENTS = YES;
				CLANG_WARN_EMPTY_BODY = YES;
				CLANG_WARN_ENUM_CONVERSION = YES;
				CLANG_WARN_INFINITE_RECURSION = YES;
				CLANG_WARN_INT_CONVERSION = YES;
				CLANG_WARN_NON_LITERAL_NULL_CONVERSION = YES;
				CLANG_WARN_OBJC_LITERAL_CONVERSION = YES;
				CLANG_WARN_OBJC_ROOT_CLASS = YES_ERROR;
				CLANG_WARN_RANGE_LOOP_ANALYSIS = YES;
				CLANG_WARN_STRICT_PROTOTYPES = YES;
				CLANG_WARN_SUSPICIOUS_MOVE = YES;
				CLANG_WARN_UNGUARDED_AVAILABILITY = YES_AGGRESSIVE;
				CLANG_WARN_UNREACHABLE_CODE = YES;
				CLANG_WARN__DUPLICATE_METHOD_MATCH = YES;
				CODE_SIGN_IDENTITY = "iPhone Developer";
				COPY_PHASE_STRIP = NO;
				DEBUG_INFORMATION_FORMAT = "dwarf-with-dsym";
				ENABLE_NS_ASSERTIONS = NO;
				ENABLE_STRICT_OBJC_MSGSEND = YES;
				GCC_C_LANGUAGE_STANDARD = gnu11;
				GCC_NO_COMMON_BLOCKS = YES;
				GCC_WARN_64_TO_32_BIT_CONVERSION = YES;
				GCC_WARN_ABOUT_RETURN_TYPE = YES_ERROR;
				GCC_WARN_UNDECLARED_SELECTOR = YES;
				GCC_WARN_UNINITIALIZED_AUTOS = YES_AGGRESSIVE;
				GCC_WARN_UNUSED_FUNCTION = YES;
				GCC_WARN_UNUSED_VARIABLE = YES;
				IPHONEOS_DEPLOYMENT_TARGET = 11.1;
				MTL_ENABLE_DEBUG_INFO = NO;
				SDKROOT = iphoneos;
				SWIFT_OPTIMIZATION_LEVEL = "-Owholemodule";
				VALIDATE_PRODUCT = YES;
			};
			name = Release;
		};
		5A0924DC1FB38BE400803DE4 /* Debug */ = {
			isa = XCBuildConfiguration;
			buildSettings = {
				ASSETCATALOG_COMPILER_APPICON_NAME = AppIcon;
				CODE_SIGN_STYLE = Automatic;
				DEVELOPMENT_TEAM = M7288XSTAR;
				INFOPLIST_FILE = RunWay/Info.plist;
				LD_RUNPATH_SEARCH_PATHS = "$(inherited) @executable_path/Frameworks";
				PRODUCT_BUNDLE_IDENTIFIER = biswajitbanik.RunWay;
				PRODUCT_NAME = "$(TARGET_NAME)";
				SWIFT_VERSION = 4.0;
				TARGETED_DEVICE_FAMILY = "1,2";
			};
			name = Debug;
		};
		5A0924DD1FB38BE400803DE4 /* Release */ = {
			isa = XCBuildConfiguration;
			buildSettings = {
				ASSETCATALOG_COMPILER_APPICON_NAME = AppIcon;
				CODE_SIGN_STYLE = Automatic;
				DEVELOPMENT_TEAM = M7288XSTAR;
				INFOPLIST_FILE = RunWay/Info.plist;
				LD_RUNPATH_SEARCH_PATHS = "$(inherited) @executable_path/Frameworks";
				PRODUCT_BUNDLE_IDENTIFIER = biswajitbanik.RunWay;
				PRODUCT_NAME = "$(TARGET_NAME)";
				SWIFT_VERSION = 4.0;
				TARGETED_DEVICE_FAMILY = "1,2";
			};
			name = Release;
		};
/* End XCBuildConfiguration section */

/* Begin XCConfigurationList section */
		5A0924C21FB38BE400803DE4 /* Build configuration list for PBXProject "RunWay" */ = {
			isa = XCConfigurationList;
			buildConfigurations = (
				5A0924D91FB38BE400803DE4 /* Debug */,
				5A0924DA1FB38BE400803DE4 /* Release */,
			);
			defaultConfigurationIsVisible = 0;
			defaultConfigurationName = Release;
		};
		5A0924DB1FB38BE400803DE4 /* Build configuration list for PBXNativeTarget "RunWay" */ = {
			isa = XCConfigurationList;
			buildConfigurations = (
				5A0924DC1FB38BE400803DE4 /* Debug */,
				5A0924DD1FB38BE400803DE4 /* Release */,
			);
			defaultConfigurationIsVisible = 0;
			defaultConfigurationName = Release;
		};
/* End XCConfigurationList section */
	};
	rootObject = 5A0924BF1FB38BE400803DE4 /* Project object */;
}
